
Microsoft Visual Studio Solution File, Format Version 12.00
# Visual Studio Version 16
VisualStudioVersion = 16.0.34601.136
MinimumVisualStudioVersion = 10.0.40219.1
Project("{FAE04EC0-301F-11D3-BF4B-00C04F79EFBC}") = "CD1", "CD1\CD1.csproj", "{061A9B45-838E-4620-B98C-E3084043B725}"
EndProject
Global
	GlobalSection(SolutionConfigurationPlatforms) = preSolution
		Debug|Any CPU = Debug|Any CPU
		Release|Any CPU = Release|Any CPU
	EndGlobalSection
	GlobalSection(ProjectConfigurationPlatforms) = postSolution
		{061A9B45-838E-4620-B98C-E3084043B725}.Debug|Any CPU.ActiveCfg = Debug|Any CPU
		{061A9B45-838E-4620-B98C-E3084043B725}.Debug|Any CPU.Build.0 = Debug|Any CPU
		{061A9B45-838E-4620-B98C-E3084043B725}.Release|Any CPU.ActiveCfg = Release|Any CPU
		{061A9B45-838E-4620-B98C-E3084043B725}.Release|Any CPU.Build.0 = Release|Any CPU
	EndGlobalSection
	GlobalSection(SolutionProperties) = preSolution
		HideSolutionNode = FALSE
	EndGlobalSection
	GlobalSection(ExtensibilityGlobals) = postSolution
		SolutionGuid = {7C67D0FC-8D5B-4F7D-976C-8F0E2106A24E}
	EndGlobalSection
EndGlobal
